
Microsoft Visual Studio Solution File, Format Version 12.00
# Visual Studio Version 16
VisualStudioVersion = 16.0.29505.145
MinimumVisualStudioVersion = 10.0.40219.1
Project("{9A19103F-16F7-4668-BE54-9A1E7A4F7556}") = "LibUsbTree", "src\LibUsbTree.csproj", "{720FDE0C-A1EB-4541-9D89-674B5167508D}"
EndProject
Project("{9A19103F-16F7-4668-BE54-9A1E7A4F7556}") = "Print&Watch", "Examples\Print&Watch\Print&Watch.csproj", "{6B9BB8A3-A927-49F7-8BA3-286E45750E55}"
EndProject
Project("{2150E333-8FDC-42A3-9474-1A3956D46DE8}") = "Examples", "Examples", "{8C274341-902A-473A-91E0-2EED643550B3}"
EndProject
Project("{FAE04EC0-301F-11D3-BF4B-00C04F79EFBC}") = "Hello_UsbTree", "Examples\Hello_UsbTree\Hello_UsbTree.csproj", "{01426DED-7749-4DD8-8CC7-CF1E0E46C576}"
EndProject
Global
	GlobalSection(SolutionConfigurationPlatforms) = preSolution
		Debug|Any CPU = Debug|Any CPU
		Release|Any CPU = Release|Any CPU
	EndGlobalSection
	GlobalSection(ProjectConfigurationPlatforms) = postSolution
		{720FDE0C-A1EB-4541-9D89-674B5167508D}.Debug|Any CPU.ActiveCfg = Debug|Any CPU
		{720FDE0C-A1EB-4541-9D89-674B5167508D}.Debug|Any CPU.Build.0 = Debug|Any CPU
		{720FDE0C-A1EB-4541-9D89-674B5167508D}.Release|Any CPU.ActiveCfg = Release|Any CPU
		{720FDE0C-A1EB-4541-9D89-674B5167508D}.Release|Any CPU.Build.0 = Release|Any CPU
		{6B9BB8A3-A927-49F7-8BA3-286E45750E55}.Debug|Any CPU.ActiveCfg = Debug|Any CPU
		{6B9BB8A3-A927-49F7-8BA3-286E45750E55}.Debug|Any CPU.Build.0 = Debug|Any CPU
		{6B9BB8A3-A927-49F7-8BA3-286E45750E55}.Release|Any CPU.ActiveCfg = Release|Any CPU
		{6B9BB8A3-A927-49F7-8BA3-286E45750E55}.Release|Any CPU.Build.0 = Release|Any CPU
		{01426DED-7749-4DD8-8CC7-CF1E0E46C576}.Debug|Any CPU.ActiveCfg = Debug|Any CPU
		{01426DED-7749-4DD8-8CC7-CF1E0E46C576}.Debug|Any CPU.Build.0 = Debug|Any CPU
		{01426DED-7749-4DD8-8CC7-CF1E0E46C576}.Release|Any CPU.ActiveCfg = Release|Any CPU
		{01426DED-7749-4DD8-8CC7-CF1E0E46C576}.Release|Any CPU.Build.0 = Release|Any CPU
	EndGlobalSection
	GlobalSection(SolutionProperties) = preSolution
		HideSolutionNode = FALSE
	EndGlobalSection
	GlobalSection(NestedProjects) = preSolution
		{6B9BB8A3-A927-49F7-8BA3-286E45750E55} = {8C274341-902A-473A-91E0-2EED643550B3}
		{01426DED-7749-4DD8-8CC7-CF1E0E46C576} = {8C274341-902A-473A-91E0-2EED643550B3}
	EndGlobalSection
	GlobalSection(ExtensibilityGlobals) = postSolution
		SolutionGuid = {46C9B0C0-E512-4DCF-BD9E-F8F440C7A1AC}
	EndGlobalSection
EndGlobal
